{
  "originHash" : "ab664fae06aebe1a64a874423eb3a1ca108ce0fe1f131ce7c760e143eaee2d0a",
  "pins" : [
    {
      "identity" : "associatedobject",
      "kind" : "remoteSourceControl",
      "location" : "https://github.com/p-x9/AssociatedObject",
      "state" : {
        "revision" : "f358e1ccf6761b9d1d53136022a65c601cdc4da3",
        "version" : "0.15.0"
      }
    },
    {
      "identity" : "binarycodable",
      "kind" : "remoteSourceControl",
      "location" : "https://github.com/christophhagen/BinaryCodable",
      "state" : {
        "revision" : "c2ef4834bf038a998c36301d910a8525de5e12b1",
        "version" : "3.2.0"
      }
    },
    {
      "identity" : "combine-schedulers",
      "kind" : "remoteSourceControl",
      "location" : "https://github.com/pointfreeco/combine-schedulers",
      "state" : {
        "revision" : "dcccb979a2183b8df3334237e3dc1ae2b4116a86",
        "version" : "1.2.0"
      }
    },
    {
      "identity" : "dyldprivate",
      "kind" : "remoteSourceControl",
      "location" : "https://github.com/lynnswap/DyldPrivate.git",
      "state" : {
        "revision" : "3b4d596b702d7c8f589d0babe42c7387e5d24dbc",
        "version" : "0.1.0"
      }
    },
    {
      "identity" : "frameworktoolbox",
      "kind" : "remoteSourceControl",
      "location" : "https://github.com/lynnswap/FrameworkToolbox.git",
      "state" : {
        "revision" : "b0f1043d407fa10b8af42e0dc9c11ff2363b3632",
        "version" : "0.3.3"
      }
    },
    {
      "identity" : "machokit",
      "kind" : "remoteSourceControl",
      "location" : "https://github.com/lynnswap/MachOKit.git",
      "state" : {
        "revision" : "25e56cbb2865ef4d00ea4f15501f29f65c4ca189",
        "version" : "0.47.0"
      }
    },
    {
      "identity" : "machoobjcsection",
      "kind" : "remoteSourceControl",
      "location" : "https://github.com/lynnswap/MachOObjCSection.git",
      "state" : {
        "revision" : "3dbf6a856cbdc856d4d7c1fe6bbf81161e0fbe9c"
      }
    },
    {
      "identity" : "machoswiftsection",
      "kind" : "remoteSourceControl",
      "location" : "https://github.com/lynnswap/MachOSwiftSection.git",
      "state" : {
        "revision" : "2fbb1a78e316a2beaf2911488ecda6455e205f84"
      }
    },
    {
      "identity" : "metacodable",
      "kind" : "remoteSourceControl",
      "location" : "https://github.com/SwiftyLab/MetaCodable",
      "state" : {
        "revision" : "c2a6cc907e2f95463ba8f2b55432bd2aee8a4bfd",
        "version" : "1.6.0"
      }
    },
    {
      "identity" : "objectarchivekit",
      "kind" : "remoteSourceControl",
      "location" : "https://github.com/p-x9/ObjectArchiveKit.git",
      "state" : {
        "revision" : "96d782a576273b73b277b577943a2a25b00b919e",
        "version" : "0.5.0"
      }
    },
    {
      "identity" : "rainbow",
      "kind" : "remoteSourceControl",
      "location" : "https://github.com/onevcat/Rainbow",
      "state" : {
        "revision" : "cdf146ae671b2624917648b61c908d1244b98ca1",
        "version" : "4.2.1"
      }
    },
    {
      "identity" : "sourcekitd",
      "kind" : "remoteSourceControl",
      "location" : "https://github.com/lynnswap/SourceKitD.git",
      "state" : {
        "revision" : "47ddc958a3962f9bb0fe08de1c8f39723e472228",
        "version" : "0.1.0"
      }
    },
    {
      "identity" : "swift-apinotes",
      "kind" : "remoteSourceControl",
      "location" : "https://github.com/lynnswap/swift-apinotes.git",
      "state" : {
        "revision" : "2fe208c1824f053c04778c5dad2a6fe93d8ab3bf",
        "version" : "0.1.0"
      }
    },
    {
      "identity" : "swift-argument-parser",
      "kind" : "remoteSourceControl",
      "location" : "https://github.com/apple/swift-argument-parser",
      "state" : {
        "revision" : "6a52f3251125d74daf04fcbd5e6f08a75d074382",
        "version" : "1.8.2"
      }
    },
    {
      "identity" : "swift-async-algorithms",
      "kind" : "remoteSourceControl",
      "location" : "https://github.com/apple/swift-async-algorithms",
      "state" : {
        "revision" : "d0b4a06d0f173a2f3be27d3ea21b3c3aa18db440",
        "version" : "1.1.4"
      }
    },
    {
      "identity" : "swift-binary-parse-support",
      "kind" : "remoteSourceControl",
      "location" : "https://github.com/p-x9/swift-binary-parse-support.git",
      "state" : {
        "revision" : "5fb96b503672ea4752eded6b4e301fd87214b03b",
        "version" : "0.2.1"
      }
    },
    {
      "identity" : "swift-clang",
      "kind" : "remoteSourceControl",
      "location" : "https://github.com/MxIris-DeveloperTool-Forks/swift-clang",
      "state" : {
        "revision" : "89195b5191f6678da7e782cec24f2cbc8d75cf79",
        "version" : "0.3.0"
      }
    },
    {
      "identity" : "swift-clocks",
      "kind" : "remoteSourceControl",
      "location" : "https://github.com/pointfreeco/swift-clocks",
      "state" : {
        "revision" : "72d749bf341b78851203066ab421869b783ec42a",
        "version" : "1.1.0"
      }
    },
    {
      "identity" : "swift-collections",
      "kind" : "remoteSourceControl",
      "location" : "https://github.com/apple/swift-collections",
      "state" : {
        "revision" : "a0cb0954ecb21e4e31b0070e6ed5674e8556685a",
        "version" : "1.6.0"
      }
    },
    {
      "identity" : "swift-concurrency-extras",
      "kind" : "remoteSourceControl",
      "location" : "https://github.com/pointfreeco/swift-concurrency-extras",
      "state" : {
        "revision" : "a90e2e40a7a840a853dd29e57cbef5dbb72c9d5b",
        "version" : "1.4.0"
      }
    },
    {
      "identity" : "swift-dependencies",
      "kind" : "remoteSourceControl",
      "location" : "https://github.com/pointfreeco/swift-dependencies",
      "state" : {
        "revision" : "16f7dd14ee28d04617090f2a73198b8b316ffa12",
        "version" : "1.13.1"
      }
    },
    {
      "identity" : "swift-fileio",
      "kind" : "remoteSourceControl",
      "location" : "https://github.com/p-x9/swift-fileio.git",
      "state" : {
        "revision" : "d589ff3966f9f064574780f527449a946736b989",
        "version" : "0.13.0"
      }
    },
    {
      "identity" : "swift-fileio-extra",
      "kind" : "remoteSourceControl",
      "location" : "https://github.com/p-x9/swift-fileio-extra.git",
      "state" : {
        "revision" : "8d83506dd4dff737807d90dbf2264096ed98c7a7",
        "version" : "0.2.2"
      }
    },
    {
      "identity" : "swift-literal-type-inference",
      "kind" : "remoteSourceControl",
      "location" : "https://github.com/p-x9/swift-literal-type-inference.git",
      "state" : {
        "revision" : "a67dc0c90511f0b036de8ee51ecba9243d1a5ec0",
        "version" : "0.6.0"
      }
    },
    {
      "identity" : "swift-log",
      "kind" : "remoteSourceControl",
      "location" : "https://github.com/apple/swift-log.git",
      "state" : {
        "revision" : "92448c359f00ebe36ae97d3bd9086f13c7692b5a",
        "version" : "1.13.2"
      }
    },
    {
      "identity" : "swift-memberwise-init-macro",
      "kind" : "remoteSourceControl",
      "location" : "https://github.com/MxIris-Library-Forks/swift-memberwise-init-macro",
      "state" : {
        "revision" : "6121b169fb5a83d7262a69b640468606f98c6c6e",
        "version" : "0.5.3-fork.1"
      }
    },
    {
      "identity" : "swift-objc-dump",
      "kind" : "remoteSourceControl",
      "location" : "https://github.com/p-x9/swift-objc-dump.git",
      "state" : {
        "revision" : "089b0dd03825c47c86abd80ea98c290309379911",
        "version" : "0.8.0"
      }
    },
    {
      "identity" : "swift-object-association",
      "kind" : "remoteSourceControl",
      "location" : "https://github.com/p-x9/swift-object-association.git",
      "state" : {
        "revision" : "93806cfecae1f198c894ed5585b93aff0e2d1f5a",
        "version" : "0.5.0"
      }
    },
    {
      "identity" : "swift-subprocess",
      "kind" : "remoteSourceControl",
      "location" : "https://github.com/swiftlang/swift-subprocess.git",
      "state" : {
        "revision" : "11633673a41f509f8945f23c96c7acd4adafd679",
        "version" : "0.5.0"
      }
    },
    {
      "identity" : "swift-syntax",
      "kind" : "remoteSourceControl",
      "location" : "https://github.com/swiftlang/swift-syntax.git",
      "state" : {
        "revision" : "f99ae8aa18f0cf0d53481901f88a0991dc3bd4a2",
        "version" : "601.0.1"
      }
    },
    {
      "identity" : "swift-system",
      "kind" : "remoteSourceControl",
      "location" : "https://github.com/apple/swift-system",
      "state" : {
        "revision" : "669763cfd5806a67e21972d7e5e2d6b80b1ea985",
        "version" : "1.6.5"
      }
    },
    {
      "identity" : "xctest-dynamic-overlay",
      "kind" : "remoteSourceControl",
      "location" : "https://github.com/pointfreeco/xctest-dynamic-overlay",
      "state" : {
        "revision" : "cb281f343fd953280336dcbd3822cdf47c182f5b",
        "version" : "1.10.0"
      }
    },
    {
      "identity" : "yams",
      "kind" : "remoteSourceControl",
      "location" : "https://github.com/jpsim/Yams",
      "state" : {
        "revision" : "a27b21e0c81c5bf42049b897a62aaf387e80f279",
        "version" : "6.2.2"
      }
    }
  ],
  "version" : 3
}
